
Microsoft Visual Studio Solution File, Format Version 12.00
# Visual Studio Version 17
VisualStudioVersion = 17.5.33627.172
MinimumVisualStudioVersion = 10.0.40219.1
Project("{FAE04EC0-301F-11D3-BF4B-00C04F79EFBC}") = "hospital_management", "hospital_management\hospital_management.csproj", "{814DBC62-E347-4C63-B678-7D5D0369E300}"
EndProject
Global
	GlobalSection(SolutionConfigurationPlatforms) = preSolution
		Debug|Any CPU = Debug|Any CPU
		Release|Any CPU = Release|Any CPU
	EndGlobalSection
	GlobalSection(ProjectConfigurationPlatforms) = postSolution
		{814DBC62-E347-4C63-B678-7D5D0369E300}.Debug|Any CPU.ActiveCfg = Debug|Any CPU
		{814DBC62-E347-4C63-B678-7D5D0369E300}.Debug|Any CPU.Build.0 = Debug|Any CPU
		{814DBC62-E347-4C63-B678-7D5D0369E300}.Release|Any CPU.ActiveCfg = Release|Any CPU
		{814DBC62-E347-4C63-B678-7D5D0369E300}.Release|Any CPU.Build.0 = Release|Any CPU
	EndGlobalSection
	GlobalSection(SolutionProperties) = preSolution
		HideSolutionNode = FALSE
	EndGlobalSection
	GlobalSection(ExtensibilityGlobals) = postSolution
		SolutionGuid = {2427B201-6E23-4D8F-BD9A-EB3C1A9DC784}
	EndGlobalSection
EndGlobal
